
Microsoft Visual Studio Solution File, Format Version 12.00
# Visual Studio Version 17
VisualStudioVersion = 17.0.32014.148
MinimumVisualStudioVersion = 10.0.40219.1
Project("{2150E333-8FDC-42A3-9474-1A3956D46DE8}") = "SpellPoints", "SpellPoints", "{25BB165A-142B-4D7B-A476-298F07A2AEB8}"
EndProject
Project("{FAE04EC0-301F-11D3-BF4B-00C04F79EFBC}") = "HS.DNDTools.SpellPoints.Domain", "..\Projects\SpellPoints\HS.DNDTools.SpellPoints.Domain\HS.DNDTools.SpellPoints.Domain.csproj", "{9A57EF27-4F47-46A7-B807-50FE53BEAA21}"
EndProject
Project("{2150E333-8FDC-42A3-9474-1A3956D46DE8}") = "Tests", "Tests", "{9654440A-0513-406D-945B-0586A6451BF7}"
EndProject
Project("{FAE04EC0-301F-11D3-BF4B-00C04F79EFBC}") = "HS.DNDTools.SpellPoints.WebApp", "..\Projects\SpellPoints\HS.DNDTools.SpellPoints.WebApp\HS.DNDTools.SpellPoints.WebApp.csproj", "{AD2A714A-3551-411C-8776-80FDC22F688A}"
EndProject
Project("{9A19103F-16F7-4668-BE54-9A1E7A4F7556}") = "HS.DNDTools.SpellPoints.Application", "..\Projects\SpellPoints\HS.DNDTools.SpellPoints.Application\HS.DNDTools.SpellPoints.Application.csproj", "{8BCD014E-4567-4E43-913E-398508673496}"
EndProject
Global
	GlobalSection(SolutionConfigurationPlatforms) = preSolution
		Debug|Any CPU = Debug|Any CPU
		Release|Any CPU = Release|Any CPU
	EndGlobalSection
	GlobalSection(ProjectConfigurationPlatforms) = postSolution
		{9A57EF27-4F47-46A7-B807-50FE53BEAA21}.Debug|Any CPU.ActiveCfg = Debug|Any CPU
		{9A57EF27-4F47-46A7-B807-50FE53BEAA21}.Debug|Any CPU.Build.0 = Debug|Any CPU
		{9A57EF27-4F47-46A7-B807-50FE53BEAA21}.Release|Any CPU.ActiveCfg = Release|Any CPU
		{9A57EF27-4F47-46A7-B807-50FE53BEAA21}.Release|Any CPU.Build.0 = Release|Any CPU
		{AD2A714A-3551-411C-8776-80FDC22F688A}.Debug|Any CPU.ActiveCfg = Debug|Any CPU
		{AD2A714A-3551-411C-8776-80FDC22F688A}.Debug|Any CPU.Build.0 = Debug|Any CPU
		{AD2A714A-3551-411C-8776-80FDC22F688A}.Release|Any CPU.ActiveCfg = Release|Any CPU
		{AD2A714A-3551-411C-8776-80FDC22F688A}.Release|Any CPU.Build.0 = Release|Any CPU
		{8BCD014E-4567-4E43-913E-398508673496}.Debug|Any CPU.ActiveCfg = Debug|Any CPU
		{8BCD014E-4567-4E43-913E-398508673496}.Debug|Any CPU.Build.0 = Debug|Any CPU
		{8BCD014E-4567-4E43-913E-398508673496}.Release|Any CPU.ActiveCfg = Release|Any CPU
		{8BCD014E-4567-4E43-913E-398508673496}.Release|Any CPU.Build.0 = Release|Any CPU
	EndGlobalSection
	GlobalSection(SolutionProperties) = preSolution
		HideSolutionNode = FALSE
	EndGlobalSection
	GlobalSection(NestedProjects) = preSolution
		{9A57EF27-4F47-46A7-B807-50FE53BEAA21} = {25BB165A-142B-4D7B-A476-298F07A2AEB8}
		{9654440A-0513-406D-945B-0586A6451BF7} = {25BB165A-142B-4D7B-A476-298F07A2AEB8}
		{AD2A714A-3551-411C-8776-80FDC22F688A} = {25BB165A-142B-4D7B-A476-298F07A2AEB8}
		{8BCD014E-4567-4E43-913E-398508673496} = {25BB165A-142B-4D7B-A476-298F07A2AEB8}
	EndGlobalSection
	GlobalSection(ExtensibilityGlobals) = postSolution
		SolutionGuid = {0053D8F8-129B-4C93-BE39-CD12D8920BAF}
	EndGlobalSection
EndGlobal
